// !$*UTF8*$!
{
	archiveVersion = 1;
	classes = {
	};
	objectVersion = 51;
	objects = {

/* Begin PBXBuildFile section */
		52694F74493FFAFB38634949 /* Pods_ARTAdmin.framework in Frameworks */ = {isa = PBXBuildFile; fileRef = FD624D2647010CAE43B7451E /* Pods_ARTAdmin.framework */; };
		890ABE154EF809D3264FED1B /* Pods_ART.framework in Frameworks */ = {isa = PBXBuildFile; fileRef = 19208B92F50455DFAB47508A /* Pods_ART.framework */; };
		E30F0A712618243A005872D1 /* ProductDetailVC.swift in Sources */ = {isa = PBXBuildFile; fileRef = E30F0A6F2618243A005872D1 /* ProductDetailVC.swift */; };
		E30F0A722618243A005872D1 /* ProductDetailVC.xib in Resources */ = {isa = PBXBuildFile; fileRef = E30F0A702618243A005872D1 /* ProductDetailVC.xib */; };
		E3348F072611045A00358F11 /* GoogleService-Info.plist in Resources */ = {isa = PBXBuildFile; fileRef = E3348F062611045A00358F11 /* GoogleService-Info.plist */; };
		E3348F0B2611059400358F11 /* GoogleService-Info.plist in Resources */ = {isa = PBXBuildFile; fileRef = E3348F0A2611059400358F11 /* GoogleService-Info.plist */; };
		E3348F13261128DB00358F11 /* LoginVC.swift in Sources */ = {isa = PBXBuildFile; fileRef = E3348F12261128DB00358F11 /* LoginVC.swift */; };
		E3348F17261128F300358F11 /* RegisterVC.swift in Sources */ = {isa = PBXBuildFile; fileRef = E3348F16261128F300358F11 /* RegisterVC.swift */; };
		E3348F1E261138B700358F11 /* Extensions.swift in Sources */ = {isa = PBXBuildFile; fileRef = E3348F1D261138B700358F11 /* Extensions.swift */; };
		E34ACF9F2615F5E0000143AD /* Product.swift in Sources */ = {isa = PBXBuildFile; fileRef = E34ACF9E2615F5E0000143AD /* Product.swift */; };
		E34ACFA02615F5E0000143AD /* Product.swift in Sources */ = {isa = PBXBuildFile; fileRef = E34ACF9E2615F5E0000143AD /* Product.swift */; };
		E34ACFA52615F69E000143AD /* ProductCell.swift in Sources */ = {isa = PBXBuildFile; fileRef = E34ACFA32615F69E000143AD /* ProductCell.swift */; };
		E34ACFA62615F69E000143AD /* ProductCell.swift in Sources */ = {isa = PBXBuildFile; fileRef = E34ACFA32615F69E000143AD /* ProductCell.swift */; };
		E34ACFA72615F69E000143AD /* ProductCell.xib in Resources */ = {isa = PBXBuildFile; fileRef = E34ACFA42615F69E000143AD /* ProductCell.xib */; };
		E34ACFA82615F69E000143AD /* ProductCell.xib in Resources */ = {isa = PBXBuildFile; fileRef = E34ACFA42615F69E000143AD /* ProductCell.xib */; };
		E34ACFAE2615FDCD000143AD /* ProductsVC.swift in Sources */ = {isa = PBXBuildFile; fileRef = E34ACFAD2615FDCD000143AD /* ProductsVC.swift */; };
		E34ACFAF2615FDCD000143AD /* ProductsVC.swift in Sources */ = {isa = PBXBuildFile; fileRef = E34ACFAD2615FDCD000143AD /* ProductsVC.swift */; };
		E34C10402611DEF000637463 /* Constants.swift in Sources */ = {isa = PBXBuildFile; fileRef = E34C103F2611DEF000637463 /* Constants.swift */; };
		E34C10462611E24800637463 /* RoundedViews.swift in Sources */ = {isa = PBXBuildFile; fileRef = E34C10452611E24800637463 /* RoundedViews.swift */; };
		E35DADBA261850670073C1CE /* HomeVC.swift in Sources */ = {isa = PBXBuildFile; fileRef = E389BB052610DEAF005CD787 /* HomeVC.swift */; };
		E35DADBD261854320073C1CE /* RoundedViews.swift in Sources */ = {isa = PBXBuildFile; fileRef = E34C10452611E24800637463 /* RoundedViews.swift */; };
		E35DADC0261854420073C1CE /* Constants.swift in Sources */ = {isa = PBXBuildFile; fileRef = E34C103F2611DEF000637463 /* Constants.swift */; };
		E35DADC3261854480073C1CE /* Extensions.swift in Sources */ = {isa = PBXBuildFile; fileRef = E3348F1D261138B700358F11 /* Extensions.swift */; };
		E35DADC62618549C0073C1CE /* ProductDetailVC.swift in Sources */ = {isa = PBXBuildFile; fileRef = E30F0A6F2618243A005872D1 /* ProductDetailVC.swift */; };
		E35DADEB2619F50E0073C1CE /* AddEditCategoryVC.swift in Sources */ = {isa = PBXBuildFile; fileRef = E35DADEA2619F50E0073C1CE /* AddEditCategoryVC.swift */; };
		E36682DE2613AC3B00801309 /* ForgotPasswordVC.swift in Sources */ = {isa = PBXBuildFile; fileRef = E36682DC2613AC3B00801309 /* ForgotPasswordVC.swift */; };
		E36682DF2613AC3B00801309 /* ForgotPasswordVC.xib in Resources */ = {isa = PBXBuildFile; fileRef = E36682DD2613AC3B00801309 /* ForgotPasswordVC.xib */; };
		E36682E62614CE0D00801309 /* Firebase + Utils.swift in Sources */ = {isa = PBXBuildFile; fileRef = E36682E52614CE0D00801309 /* Firebase + Utils.swift */; };
		E36682E92614CF7C00801309 /* Firebase + Utils.swift in Sources */ = {isa = PBXBuildFile; fileRef = E36682E52614CE0D00801309 /* Firebase + Utils.swift */; };
		E36683112614DA4000801309 /* Category.swift in Sources */ = {isa = PBXBuildFile; fileRef = E36683102614DA4000801309 /* Category.swift */; };
		E36683162614DA7500801309 /* Category.swift in Sources */ = {isa = PBXBuildFile; fileRef = E36683102614DA4000801309 /* Category.swift */; };
		E366831B2614DB9D00801309 /* CategoryCell.swift in Sources */ = {isa = PBXBuildFile; fileRef = E36683192614DB9D00801309 /* CategoryCell.swift */; };
		E366831C2614DB9D00801309 /* CategoryCell.swift in Sources */ = {isa = PBXBuildFile; fileRef = E36683192614DB9D00801309 /* CategoryCell.swift */; };
		E366831D2614DB9D00801309 /* CategoryCell.xib in Resources */ = {isa = PBXBuildFile; fileRef = E366831A2614DB9D00801309 /* CategoryCell.xib */; };
		E366831E2614DB9D00801309 /* CategoryCell.xib in Resources */ = {isa = PBXBuildFile; fileRef = E366831A2614DB9D00801309 /* CategoryCell.xib */; };
		E36D8993261F3CD700C18D12 /* AddEditProductsVC.swift in Sources */ = {isa = PBXBuildFile; fileRef = E36D8992261F3CD700C18D12 /* AddEditProductsVC.swift */; };
		E389BB022610DEAF005CD787 /* AppDelegate.swift in Sources */ = {isa = PBXBuildFile; fileRef = E389BB012610DEAF005CD787 /* AppDelegate.swift */; };
		E389BB042610DEAF005CD787 /* SceneDelegate.swift in Sources */ = {isa = PBXBuildFile; fileRef = E389BB032610DEAF005CD787 /* SceneDelegate.swift */; };
		E389BB062610DEAF005CD787 /* HomeVC.swift in Sources */ = {isa = PBXBuildFile; fileRef = E389BB052610DEAF005CD787 /* HomeVC.swift */; };
		E389BB092610DEAF005CD787 /* Main.storyboard in Resources */ = {isa = PBXBuildFile; fileRef = E389BB072610DEAF005CD787 /* Main.storyboard */; };
		E389BB0B2610DEB3005CD787 /* Assets.xcassets in Resources */ = {isa = PBXBuildFile; fileRef = E389BB0A2610DEB3005CD787 /* Assets.xcassets */; };
		E389BB0E2610DEB3005CD787 /* LaunchScreen.storyboard in Resources */ = {isa = PBXBuildFile; fileRef = E389BB0C2610DEB3005CD787 /* LaunchScreen.storyboard */; };
		E389BB1D2610DF70005CD787 /* AppDelegate.swift in Sources */ = {isa = PBXBuildFile; fileRef = E389BB1C2610DF70005CD787 /* AppDelegate.swift */; };
		E389BB1F2610DF70005CD787 /* SceneDelegate.swift in Sources */ = {isa = PBXBuildFile; fileRef = E389BB1E2610DF70005CD787 /* SceneDelegate.swift */; };
		E389BB212610DF70005CD787 /* AdminHomeVC.swift in Sources */ = {isa = PBXBuildFile; fileRef = E389BB202610DF70005CD787 /* AdminHomeVC.swift */; };
		E389BB242610DF70005CD787 /* Main.storyboard in Resources */ = {isa = PBXBuildFile; fileRef = E389BB222610DF70005CD787 /* Main.storyboard */; };
		E389BB292610DF71005CD787 /* LaunchScreen.storyboard in Resources */ = {isa = PBXBuildFile; fileRef = E389BB272610DF71005CD787 /* LaunchScreen.storyboard */; };
		E389BB332610E006005CD787 /* Assets.xcassets in Resources */ = {isa = PBXBuildFile; fileRef = E389BB0A2610DEB3005CD787 /* Assets.xcassets */; };
		E389BB372610E6EF005CD787 /* LoginStoryboard.storyboard in Resources */ = {isa = PBXBuildFile; fileRef = E389BB362610E6EF005CD787 /* LoginStoryboard.storyboard */; };
		E3F4B875261C772600C11C78 /* AdminProductsVC.swift in Sources */ = {isa = PBXBuildFile; fileRef = E3F4B874261C772600C11C78 /* AdminProductsVC.swift */; };
/* End PBXBuildFile section */

/* Begin PBXFileReference section */
		19208B92F50455DFAB47508A /* Pods_ART.framework */ = {isa = PBXFileReference; explicitFileType = wrapper.framework; includeInIndex = 0; path = Pods_ART.framework; sourceTree = BUILT_PRODUCTS_DIR; };
		1C7E0EAE56EF73CAA3550691 /* Pods-ARTAdmin.debug.xcconfig */ = {isa = PBXFileReference; includeInIndex = 1; lastKnownFileType = text.xcconfig; name = "Pods-ARTAdmin.debug.xcconfig"; path = "Target Support Files/Pods-ARTAdmin/Pods-ARTAdmin.debug.xcconfig"; sourceTree = "<group>"; };
		3E972B35C3C879B8EF2C4551 /* Pods-ART.release.xcconfig */ = {isa = PBXFileReference; includeInIndex = 1; lastKnownFileType = text.xcconfig; name = "Pods-ART.release.xcconfig"; path = "Target Support Files/Pods-ART/Pods-ART.release.xcconfig"; sourceTree = "<group>"; };
		4AE859D3C8F884165812EA61 /* Pods-ARTAdmin.release.xcconfig */ = {isa = PBXFileReference; includeInIndex = 1; lastKnownFileType = text.xcconfig; name = "Pods-ARTAdmin.release.xcconfig"; path = "Target Support Files/Pods-ARTAdmin/Pods-ARTAdmin.release.xcconfig"; sourceTree = "<group>"; };
		4FC9E65738AE5C2523FBAE92 /* Pods-ART.debug.xcconfig */ = {isa = PBXFileReference; includeInIndex = 1; lastKnownFileType = text.xcconfig; name = "Pods-ART.debug.xcconfig"; path = "Target Support Files/Pods-ART/Pods-ART.debug.xcconfig"; sourceTree = "<group>"; };
		E30F0A6F2618243A005872D1 /* ProductDetailVC.swift */ = {isa = PBXFileReference; lastKnownFileType = sourcecode.swift; path = ProductDetailVC.swift; sourceTree = "<group>"; };
		E30F0A702618243A005872D1 /* ProductDetailVC.xib */ = {isa = PBXFileReference; lastKnownFileType = file.xib; path = ProductDetailVC.xib; sourceTree = "<group>"; };
		E3348F062611045A00358F11 /* GoogleService-Info.plist */ = {isa = PBXFileReference; fileEncoding = 4; lastKnownFileType = text.plist.xml; path = "GoogleService-Info.plist"; sourceTree = "<group>"; };
		E3348F0A2611059400358F11 /* GoogleService-Info.plist */ = {isa = PBXFileReference; fileEncoding = 4; lastKnownFileType = text.plist.xml; path = "GoogleService-Info.plist"; sourceTree = "<group>"; };
		E3348F12261128DB00358F11 /* LoginVC.swift */ = {isa = PBXFileReference; lastKnownFileType = sourcecode.swift; path = LoginVC.swift; sourceTree = "<group>"; };
		E3348F16261128F300358F11 /* RegisterVC.swift */ = {isa = PBXFileReference; lastKnownFileType = sourcecode.swift; path = RegisterVC.swift; sourceTree = "<group>"; };
		E3348F1D261138B700358F11 /* Extensions.swift */ = {isa = PBXFileReference; lastKnownFileType = sourcecode.swift; path = Extensions.swift; sourceTree = "<group>"; };
		E34ACF9E2615F5E0000143AD /* Product.swift */ = {isa = PBXFileReference; lastKnownFileType = sourcecode.swift; path = Product.swift; sourceTree = "<group>"; };
		E34ACFA32615F69E000143AD /* ProductCell.swift */ = {isa = PBXFileReference; lastKnownFileType = sourcecode.swift; path = ProductCell.swift; sourceTree = "<group>"; };
		E34ACFA42615F69E000143AD /* ProductCell.xib */ = {isa = PBXFileReference; lastKnownFileType = file.xib; path = ProductCell.xib; sourceTree = "<group>"; };
		E34ACFAD2615FDCD000143AD /* ProductsVC.swift */ = {isa = PBXFileReference; lastKnownFileType = sourcecode.swift; path = ProductsVC.swift; sourceTree = "<group>"; };
		E34C103F2611DEF000637463 /* Constants.swift */ = {isa = PBXFileReference; lastKnownFileType = sourcecode.swift; path = Constants.swift; sourceTree = "<group>"; };
		E34C10452611E24800637463 /* RoundedViews.swift */ = {isa = PBXFileReference; lastKnownFileType = sourcecode.swift; path = RoundedViews.swift; sourceTree = "<group>"; };
		E35DADEA2619F50E0073C1CE /* AddEditCategoryVC.swift */ = {isa = PBXFileReference; lastKnownFileType = sourcecode.swift; path = AddEditCategoryVC.swift; sourceTree = "<group>"; };
		E36682DC2613AC3B00801309 /* ForgotPasswordVC.swift */ = {isa = PBXFileReference; lastKnownFileType = sourcecode.swift; path = ForgotPasswordVC.swift; sourceTree = "<group>"; };
		E36682DD2613AC3B00801309 /* ForgotPasswordVC.xib */ = {isa = PBXFileReference; lastKnownFileType = file.xib; path = ForgotPasswordVC.xib; sourceTree = "<group>"; };
		E36682E52614CE0D00801309 /* Firebase + Utils.swift */ = {isa = PBXFileReference; lastKnownFileType = sourcecode.swift; path = "Firebase + Utils.swift"; sourceTree = "<group>"; };
		E36683102614DA4000801309 /* Category.swift */ = {isa = PBXFileReference; lastKnownFileType = sourcecode.swift; path = Category.swift; sourceTree = "<group>"; };
		E36683192614DB9D00801309 /* CategoryCell.swift */ = {isa = PBXFileReference; lastKnownFileType = sourcecode.swift; path = CategoryCell.swift; sourceTree = "<group>"; };
		E366831A2614DB9D00801309 /* CategoryCell.xib */ = {isa = PBXFileReference; lastKnownFileType = file.xib; path = CategoryCell.xib; sourceTree = "<group>"; };
		E36D8992261F3CD700C18D12 /* AddEditProductsVC.swift */ = {isa = PBXFileReference; lastKnownFileType = sourcecode.swift; path = AddEditProductsVC.swift; sourceTree = "<group>"; };
		E389BAFE2610DEAF005CD787 /* ART.app */ = {isa = PBXFileReference; explicitFileType = wrapper.application; includeInIndex = 0; path = ART.app; sourceTree = BUILT_PRODUCTS_DIR; };
		E389BB012610DEAF005CD787 /* AppDelegate.swift */ = {isa = PBXFileReference; lastKnownFileType = sourcecode.swift; path = AppDelegate.swift; sourceTree = "<group>"; };
		E389BB032610DEAF005CD787 /* SceneDelegate.swift */ = {isa = PBXFileReference; lastKnownFileType = sourcecode.swift; path = SceneDelegate.swift; sourceTree = "<group>"; };
		E389BB052610DEAF005CD787 /* HomeVC.swift */ = {isa = PBXFileReference; lastKnownFileType = sourcecode.swift; path = HomeVC.swift; sourceTree = "<group>"; };
		E389BB082610DEAF005CD787 /* Base */ = {isa = PBXFileReference; lastKnownFileType = file.storyboard; name = Base; path = Base.lproj/Main.storyboard; sourceTree = "<group>"; };
		E389BB0A2610DEB3005CD787 /* Assets.xcassets */ = {isa = PBXFileReference; lastKnownFileType = folder.assetcatalog; path = Assets.xcassets; sourceTree = "<group>"; };
		E389BB0D2610DEB3005CD787 /* Base */ = {isa = PBXFileReference; lastKnownFileType = file.storyboard; name = Base; path = Base.lproj/LaunchScreen.storyboard; sourceTree = "<group>"; };
		E389BB0F2610DEB3005CD787 /* Info.plist */ = {isa = PBXFileReference; lastKnownFileType = text.plist.xml; path = Info.plist; sourceTree = "<group>"; };
		E389BB1A2610DF70005CD787 /* ARTAdmin.app */ = {isa = PBXFileReference; explicitFileType = wrapper.application; includeInIndex = 0; path = ARTAdmin.app; sourceTree = BUILT_PRODUCTS_DIR; };
		E389BB1C2610DF70005CD787 /* AppDelegate.swift */ = {isa = PBXFileReference; lastKnownFileType = sourcecode.swift; path = AppDelegate.swift; sourceTree = "<group>"; };
		E389BB1E2610DF70005CD787 /* SceneDelegate.swift */ = {isa = PBXFileReference; lastKnownFileType = sourcecode.swift; path = SceneDelegate.swift; sourceTree = "<group>"; };
		E389BB202610DF70005CD787 /* AdminHomeVC.swift */ = {isa = PBXFileReference; lastKnownFileType = sourcecode.swift; path = AdminHomeVC.swift; sourceTree = "<group>"; };
		E389BB232610DF70005CD787 /* Base */ = {isa = PBXFileReference; lastKnownFileType = file.storyboard; name = Base; path = Base.lproj/Main.storyboard; sourceTree = "<group>"; };
		E389BB282610DF71005CD787 /* Base */ = {isa = PBXFileReference; lastKnownFileType = file.storyboard; name = Base; path = Base.lproj/LaunchScreen.storyboard; sourceTree = "<group>"; };
		E389BB2A2610DF71005CD787 /* Info.plist */ = {isa = PBXFileReference; lastKnownFileType = text.plist.xml; path = Info.plist; sourceTree = "<group>"; };
		E389BB362610E6EF005CD787 /* LoginStoryboard.storyboard */ = {isa = PBXFileReference; lastKnownFileType = file.storyboard; path = LoginStoryboard.storyboard; sourceTree = "<group>"; };
		E3F4B874261C772600C11C78 /* AdminProductsVC.swift */ = {isa = PBXFileReference; lastKnownFileType = sourcecode.swift; path = AdminProductsVC.swift; sourceTree = "<group>"; };
		FD624D2647010CAE43B7451E /* Pods_ARTAdmin.framework */ = {isa = PBXFileReference; explicitFileType = wrapper.framework; includeInIndex = 0; path = Pods_ARTAdmin.framework; sourceTree = BUILT_PRODUCTS_DIR; };
/* End PBXFileReference section */

/* Begin PBXFrameworksBuildPhase section */
		E389BAFB2610DEAF005CD787 /* Frameworks */ = {
			isa = PBXFrameworksBuildPhase;
			buildActionMask = 2147483647;
			files = (
				890ABE154EF809D3264FED1B /* Pods_ART.framework in Frameworks */,
			);
			runOnlyForDeploymentPostprocessing = 0;
		};
		E389BB172610DF70005CD787 /* Frameworks */ = {
			isa = PBXFrameworksBuildPhase;
			buildActionMask = 2147483647;
			files = (
				52694F74493FFAFB38634949 /* Pods_ARTAdmin.framework in Frameworks */,
			);
			runOnlyForDeploymentPostprocessing = 0;
		};
/* End PBXFrameworksBuildPhase section */

/* Begin PBXGroup section */
		1A0B73E626A9610A1C9F20DC /* Frameworks */ = {
			isa = PBXGroup;
			children = (
				19208B92F50455DFAB47508A /* Pods_ART.framework */,
				FD624D2647010CAE43B7451E /* Pods_ARTAdmin.framework */,
			);
			name = Frameworks;
			sourceTree = "<group>";
		};
		4EEFC539DC4A01F1638E163C /* Pods */ = {
			isa = PBXGroup;
			children = (
				4FC9E65738AE5C2523FBAE92 /* Pods-ART.debug.xcconfig */,
				3E972B35C3C879B8EF2C4551 /* Pods-ART.release.xcconfig */,
				1C7E0EAE56EF73CAA3550691 /* Pods-ARTAdmin.debug.xcconfig */,
				4AE859D3C8F884165812EA61 /* Pods-ARTAdmin.release.xcconfig */,
			);
			path = Pods;
			sourceTree = "<group>";
		};
		E3348F0E2611278200358F11 /* Controller */ = {
			isa = PBXGroup;
			children = (
				E3348F12261128DB00358F11 /* LoginVC.swift */,
				E3348F16261128F300358F11 /* RegisterVC.swift */,
				E389BB012610DEAF005CD787 /* AppDelegate.swift */,
				E34ACFAD2615FDCD000143AD /* ProductsVC.swift */,
				E389BB052610DEAF005CD787 /* HomeVC.swift */,
			);
			path = Controller;
			sourceTree = "<group>";
		};
		E3348F0F2611279300358F11 /* View */ = {
			isa = PBXGroup;
			children = (
			);
			path = View;
			sourceTree = "<group>";
		};
		E3348F102611279B00358F11 /* Model */ = {
			isa = PBXGroup;
			children = (
				E36683102614DA4000801309 /* Category.swift */,
				E34ACF9E2615F5E0000143AD /* Product.swift */,
			);
			path = Model;
			sourceTree = "<group>";
		};
		E3348F11261127BF00358F11 /* Storyboards */ = {
			isa = PBXGroup;
			children = (
				E389BB362610E6EF005CD787 /* LoginStoryboard.storyboard */,
				E389BB072610DEAF005CD787 /* Main.storyboard */,
				E389BB0C2610DEB3005CD787 /* LaunchScreen.storyboard */,
			);
			path = Storyboards;
			sourceTree = "<group>";
		};
		E3348F1C2611388800358F11 /* Utils */ = {
			isa = PBXGroup;
			children = (
				E3348F1D261138B700358F11 /* Extensions.swift */,
				E34C103F2611DEF000637463 /* Constants.swift */,
				E36682E52614CE0D00801309 /* Firebase + Utils.swift */,
			);
			path = Utils;
			sourceTree = "<group>";
		};
		E34C10432611E21600637463 /* View */ = {
			isa = PBXGroup;
			children = (
				E34C10452611E24800637463 /* RoundedViews.swift */,
				E36683192614DB9D00801309 /* CategoryCell.swift */,
				E34ACFA32615F69E000143AD /* ProductCell.swift */,
			);
			path = View;
			sourceTree = "<group>";
		};
		E35DADEE2619F51D0073C1CE /* Controller */ = {
			isa = PBXGroup;
			children = (
				E3F4B874261C772600C11C78 /* AdminProductsVC.swift */,
				E389BB1C2610DF70005CD787 /* AppDelegate.swift */,
				E389BB1E2610DF70005CD787 /* SceneDelegate.swift */,
				E389BB202610DF70005CD787 /* AdminHomeVC.swift */,
				E35DADEA2619F50E0073C1CE /* AddEditCategoryVC.swift */,
				E36D8992261F3CD700C18D12 /* AddEditProductsVC.swift */,
			);
			path = Controller;
			sourceTree = "<group>";
		};
		E36682DB2613AC0900801309 /* XIBs */ = {
			isa = PBXGroup;
			children = (
				E36682DC2613AC3B00801309 /* ForgotPasswordVC.swift */,
				E36682DD2613AC3B00801309 /* ForgotPasswordVC.xib */,
				E30F0A6F2618243A005872D1 /* ProductDetailVC.swift */,
				E30F0A702618243A005872D1 /* ProductDetailVC.xib */,
			);
			path = XIBs;
			sourceTree = "<group>";
		};
		E36683212614E29E00801309 /* XIBs */ = {
			isa = PBXGroup;
			children = (
				E366831A2614DB9D00801309 /* CategoryCell.xib */,
				E34ACFA42615F69E000143AD /* ProductCell.xib */,
			);
			path = XIBs;
			sourceTree = "<group>";
		};
		E389BAF52610DEAF005CD787 = {
			isa = PBXGroup;
			children = (
				E389BB322610DFB6005CD787 /* Shared */,
				E389BB002610DEAF005CD787 /* ART */,
				E389BB1B2610DF70005CD787 /* ARTAdmin */,
				E389BAFF2610DEAF005CD787 /* Products */,
				4EEFC539DC4A01F1638E163C /* Pods */,
				1A0B73E626A9610A1C9F20DC /* Frameworks */,
			);
			sourceTree = "<group>";
		};
		E389BAFF2610DEAF005CD787 /* Products */ = {
			isa = PBXGroup;
			children = (
				E389BAFE2610DEAF005CD787 /* ART.app */,
				E389BB1A2610DF70005CD787 /* ARTAdmin.app */,
			);
			name = Products;
			sourceTree = "<group>";
		};
		E389BB002610DEAF005CD787 /* ART */ = {
			isa = PBXGroup;
			children = (
				E36682DB2613AC0900801309 /* XIBs */,
				E3348F0F2611279300358F11 /* View */,
				E3348F0E2611278200358F11 /* Controller */,
				E3348F11261127BF00358F11 /* Storyboards */,
				E389BB032610DEAF005CD787 /* SceneDelegate.swift */,
				E3348F062611045A00358F11 /* GoogleService-Info.plist */,
				E389BB0F2610DEB3005CD787 /* Info.plist */,
			);
			path = ART;
			sourceTree = "<group>";
		};
		E389BB1B2610DF70005CD787 /* ARTAdmin */ = {
			isa = PBXGroup;
			children = (
				E35DADEE2619F51D0073C1CE /* Controller */,
				E389BB222610DF70005CD787 /* Main.storyboard */,
				E389BB272610DF71005CD787 /* LaunchScreen.storyboard */,
				E3348F0A2611059400358F11 /* GoogleService-Info.plist */,
				E389BB2A2610DF71005CD787 /* Info.plist */,
			);
			path = ARTAdmin;
			sourceTree = "<group>";
		};
		E389BB322610DFB6005CD787 /* Shared */ = {
			isa = PBXGroup;
			children = (
				E36683212614E29E00801309 /* XIBs */,
				E3348F102611279B00358F11 /* Model */,
				E34C10432611E21600637463 /* View */,
				E3348F1C2611388800358F11 /* Utils */,
				E389BB0A2610DEB3005CD787 /* Assets.xcassets */,
			);
			path = Shared;
			sourceTree = "<group>";
		};
/* End PBXGroup section */

/* Begin PBXNativeTarget section */
		E389BAFD2610DEAF005CD787 /* ART */ = {
			isa = PBXNativeTarget;
			buildConfigurationList = E389BB122610DEB3005CD787 /* Build configuration list for PBXNativeTarget "ART" */;
			buildPhases = (
				94631CC4930FEF2C30649408 /* [CP] Check Pods Manifest.lock */,
				E389BAFA2610DEAF005CD787 /* Sources */,
				E389BAFB2610DEAF005CD787 /* Frameworks */,
				E389BAFC2610DEAF005CD787 /* Resources */,
				F184A8195A16100340D05F17 /* [CP] Embed Pods Frameworks */,
			);
			buildRules = (
			);
			dependencies = (
			);
			name = ART;
			productName = ART;
			productReference = E389BAFE2610DEAF005CD787 /* ART.app */;
			productType = "com.apple.product-type.application";
		};
		E389BB192610DF70005CD787 /* ARTAdmin */ = {
			isa = PBXNativeTarget;
			buildConfigurationList = E389BB2B2610DF71005CD787 /* Build configuration list for PBXNativeTarget "ARTAdmin" */;
			buildPhases = (
				D6636B58B604FD0F442BC6EF /* [CP] Check Pods Manifest.lock */,
				E389BB162610DF70005CD787 /* Sources */,
				E389BB172610DF70005CD787 /* Frameworks */,
				E389BB182610DF70005CD787 /* Resources */,
				86434A18C0DC157FB038CF40 /* [CP] Embed Pods Frameworks */,
			);
			buildRules = (
			);
			dependencies = (
			);
			name = ARTAdmin;
			productName = ARTAdmin;
			productReference = E389BB1A2610DF70005CD787 /* ARTAdmin.app */;
			productType = "com.apple.product-type.application";
		};
/* End PBXNativeTarget section */

/* Begin PBXProject section */
		E389BAF62610DEAF005CD787 /* Project object */ = {
			isa = PBXProject;
			attributes = {
				LastSwiftUpdateCheck = 1240;
				LastUpgradeCheck = 1240;
				TargetAttributes = {
					E389BAFD2610DEAF005CD787 = {
						CreatedOnToolsVersion = 12.4;
					};
					E389BB192610DF70005CD787 = {
						CreatedOnToolsVersion = 12.4;
					};
				};
			};
			buildConfigurationList = E389BAF92610DEAF005CD787 /* Build configuration list for PBXProject "ART" */;
			compatibilityVersion = "Xcode 9.3";
			developmentRegion = en;
			hasScannedForEncodings = 0;
			knownRegions = (
				en,
				Base,
			);
			mainGroup = E389BAF52610DEAF005CD787;
			productRefGroup = E389BAFF2610DEAF005CD787 /* Products */;
			projectDirPath = "";
			projectRoot = "";
			targets = (
				E389BAFD2610DEAF005CD787 /* ART */,
				E389BB192610DF70005CD787 /* ARTAdmin */,
			);
		};
/* End PBXProject section */

/* Begin PBXResourcesBuildPhase section */
		E389BAFC2610DEAF005CD787 /* Resources */ = {
			isa = PBXResourcesBuildPhase;
			buildActionMask = 2147483647;
			files = (
				E389BB0E2610DEB3005CD787 /* LaunchScreen.storyboard in Resources */,
				E34ACFA72615F69E000143AD /* ProductCell.xib in Resources */,
				E366831D2614DB9D00801309 /* CategoryCell.xib in Resources */,
				E389BB0B2610DEB3005CD787 /* Assets.xcassets in Resources */,
				E3348F072611045A00358F11 /* GoogleService-Info.plist in Resources */,
				E389BB092610DEAF005CD787 /* Main.storyboard in Resources */,
				E30F0A722618243A005872D1 /* ProductDetailVC.xib in Resources */,
				E36682DF2613AC3B00801309 /* ForgotPasswordVC.xib in Resources */,
				E389BB372610E6EF005CD787 /* LoginStoryboard.storyboard in Resources */,
			);
			runOnlyForDeploymentPostprocessing = 0;
		};
		E389BB182610DF70005CD787 /* Resources */ = {
			isa = PBXResourcesBuildPhase;
			buildActionMask = 2147483647;
			files = (
				E366831E2614DB9D00801309 /* CategoryCell.xib in Resources */,
				E389BB292610DF71005CD787 /* LaunchScreen.storyboard in Resources */,
				E389BB332610E006005CD787 /* Assets.xcassets in Resources */,
				E34ACFA82615F69E000143AD /* ProductCell.xib in Resources */,
				E389BB242610DF70005CD787 /* Main.storyboard in Resources */,
				E3348F0B2611059400358F11 /* GoogleService-Info.plist in Resources */,
			);
			runOnlyForDeploymentPostprocessing = 0;
		};
/* End PBXResourcesBuildPhase section */

/* Begin PBXShellScriptBuildPhase section */
		86434A18C0DC157FB038CF40 /* [CP] Embed Pods Frameworks */ = {
			isa = PBXShellScriptBuildPhase;
			buildActionMask = 2147483647;
			files = (
			);
			inputFileListPaths = (
				"${PODS_ROOT}/Target Support Files/Pods-ARTAdmin/Pods-ARTAdmin-frameworks-${CONFIGURATION}-input-files.xcfilelist",
			);
			name = "[CP] Embed Pods Frameworks";
			outputFileListPaths = (
				"${PODS_ROOT}/Target Support Files/Pods-ARTAdmin/Pods-ARTAdmin-frameworks-${CONFIGURATION}-output-files.xcfilelist",
			);
			runOnlyForDeploymentPostprocessing = 0;
			shellPath = /bin/sh;
			shellScript = "\"${PODS_ROOT}/Target Support Files/Pods-ARTAdmin/Pods-ARTAdmin-frameworks.sh\"\n";
			showEnvVarsInLog = 0;
		};
		94631CC4930FEF2C30649408 /* [CP] Check Pods Manifest.lock */ = {
			isa = PBXShellScriptBuildPhase;
			buildActionMask = 2147483647;
			files = (
			);
			inputFileListPaths = (
			);
			inputPaths = (
				"${PODS_PODFILE_DIR_PATH}/Podfile.lock",
				"${PODS_ROOT}/Manifest.lock",
			);
			name = "[CP] Check Pods Manifest.lock";
			outputFileListPaths = (
			);
			outputPaths = (
				"$(DERIVED_FILE_DIR)/Pods-ART-checkManifestLockResult.txt",
			);
			runOnlyForDeploymentPostprocessing = 0;
			shellPath = /bin/sh;
			shellScript = "diff \"${PODS_PODFILE_DIR_PATH}/Podfile.lock\" \"${PODS_ROOT}/Manifest.lock\" > /dev/null\nif [ $? != 0 ] ; then\n    # print error to STDERR\n    echo \"error: The sandbox is not in sync with the Podfile.lock. Run 'pod install' or update your CocoaPods installation.\" >&2\n    exit 1\nfi\n# This output is used by Xcode 'outputs' to avoid re-running this script phase.\necho \"SUCCESS\" > \"${SCRIPT_OUTPUT_FILE_0}\"\n";
			showEnvVarsInLog = 0;
		};
		D6636B58B604FD0F442BC6EF /* [CP] Check Pods Manifest.lock */ = {
			isa = PBXShellScriptBuildPhase;
			buildActionMask = 2147483647;
			files = (
			);
			inputFileListPaths = (
			);
			inputPaths = (
				"${PODS_PODFILE_DIR_PATH}/Podfile.lock",
				"${PODS_ROOT}/Manifest.lock",
			);
			name = "[CP] Check Pods Manifest.lock";
			outputFileListPaths = (
			);
			outputPaths = (
				"$(DERIVED_FILE_DIR)/Pods-ARTAdmin-checkManifestLockResult.txt",
			);
			runOnlyForDeploymentPostprocessing = 0;
			shellPath = /bin/sh;
			shellScript = "diff \"${PODS_PODFILE_DIR_PATH}/Podfile.lock\" \"${PODS_ROOT}/Manifest.lock\" > /dev/null\nif [ $? != 0 ] ; then\n    # print error to STDERR\n    echo \"error: The sandbox is not in sync with the Podfile.lock. Run 'pod install' or update your CocoaPods installation.\" >&2\n    exit 1\nfi\n# This output is used by Xcode 'outputs' to avoid re-running this script phase.\necho \"SUCCESS\" > \"${SCRIPT_OUTPUT_FILE_0}\"\n";
			showEnvVarsInLog = 0;
		};
		F184A8195A16100340D05F17 /* [CP] Embed Pods Frameworks */ = {
			isa = PBXShellScriptBuildPhase;
			buildActionMask = 2147483647;
			files = (
			);
			inputFileListPaths = (
				"${PODS_ROOT}/Target Support Files/Pods-ART/Pods-ART-frameworks-${CONFIGURATION}-input-files.xcfilelist",
			);
			name = "[CP] Embed Pods Frameworks";
			outputFileListPaths = (
				"${PODS_ROOT}/Target Support Files/Pods-ART/Pods-ART-frameworks-${CONFIGURATION}-output-files.xcfilelist",
			);
			runOnlyForDeploymentPostprocessing = 0;
			shellPath = /bin/sh;
			shellScript = "\"${PODS_ROOT}/Target Support Files/Pods-ART/Pods-ART-frameworks.sh\"\n";
			showEnvVarsInLog = 0;
		};
/* End PBXShellScriptBuildPhase section */

/* Begin PBXSourcesBuildPhase section */
		E389BAFA2610DEAF005CD787 /* Sources */ = {
			isa = PBXSourcesBuildPhase;
			buildActionMask = 2147483647;
			files = (
				E389BB062610DEAF005CD787 /* HomeVC.swift in Sources */,
				E3348F1E261138B700358F11 /* Extensions.swift in Sources */,
				E389BB022610DEAF005CD787 /* AppDelegate.swift in Sources */,
				E3348F13261128DB00358F11 /* LoginVC.swift in Sources */,
				E34C10462611E24800637463 /* RoundedViews.swift in Sources */,
				E34ACFAE2615FDCD000143AD /* ProductsVC.swift in Sources */,
				E34ACFA52615F69E000143AD /* ProductCell.swift in Sources */,
				E36682DE2613AC3B00801309 /* ForgotPasswordVC.swift in Sources */,
				E34C10402611DEF000637463 /* Constants.swift in Sources */,
				E389BB042610DEAF005CD787 /* SceneDelegate.swift in Sources */,
				E36682E62614CE0D00801309 /* Firebase + Utils.swift in Sources */,
				E3348F17261128F300358F11 /* RegisterVC.swift in Sources */,
				E36683112614DA4000801309 /* Category.swift in Sources */,
				E30F0A712618243A005872D1 /* ProductDetailVC.swift in Sources */,
				E366831B2614DB9D00801309 /* CategoryCell.swift in Sources */,
				E34ACF9F2615F5E0000143AD /* Product.swift in Sources */,
			);
			runOnlyForDeploymentPostprocessing = 0;
		};
		E389BB162610DF70005CD787 /* Sources */ = {
			isa = PBXSourcesBuildPhase;
			buildActionMask = 2147483647;
			files = (
				E389BB212610DF70005CD787 /* AdminHomeVC.swift in Sources */,
				E35DADBD261854320073C1CE /* RoundedViews.swift in Sources */,
				E35DADBA261850670073C1CE /* HomeVC.swift in Sources */,
				E36683162614DA7500801309 /* Category.swift in Sources */,
				E389BB1D2610DF70005CD787 /* AppDelegate.swift in Sources */,
				E36682E92614CF7C00801309 /* Firebase + Utils.swift in Sources */,
				E36D8993261F3CD700C18D12 /* AddEditProductsVC.swift in Sources */,
				E3F4B875261C772600C11C78 /* AdminProductsVC.swift in Sources */,
				E389BB1F2610DF70005CD787 /* SceneDelegate.swift in Sources */,
				E35DADEB2619F50E0073C1CE /* AddEditCategoryVC.swift in Sources */,
				E34ACFA62615F69E000143AD /* ProductCell.swift in Sources */,
				E35DADC3261854480073C1CE /* Extensions.swift in Sources */,
				E366831C2614DB9D00801309 /* CategoryCell.swift in Sources */,
				E34ACFA02615F5E0000143AD /* Product.swift in Sources */,
				E34ACFAF2615FDCD000143AD /* ProductsVC.swift in Sources */,
				E35DADC0261854420073C1CE /* Constants.swift in Sources */,
				E35DADC62618549C0073C1CE /* ProductDetailVC.swift in Sources */,
			);
			runOnlyForDeploymentPostprocessing = 0;
		};
/* End PBXSourcesBuildPhase section */

/* Begin PBXVariantGroup section */
		E389BB072610DEAF005CD787 /* Main.storyboard */ = {
			isa = PBXVariantGroup;
			children = (
				E389BB082610DEAF005CD787 /* Base */,
			);
			name = Main.storyboard;
			sourceTree = "<group>";
		};
		E389BB0C2610DEB3005CD787 /* LaunchScreen.storyboard */ = {
			isa = PBXVariantGroup;
			children = (
				E389BB0D2610DEB3005CD787 /* Base */,
			);
			name = LaunchScreen.storyboard;
			sourceTree = "<group>";
		};
		E389BB222610DF70005CD787 /* Main.storyboard */ = {
			isa = PBXVariantGroup;
			children = (
				E389BB232610DF70005CD787 /* Base */,
			);
			name = Main.storyboard;
			sourceTree = "<group>";
		};
		E389BB272610DF71005CD787 /* LaunchScreen.storyboard */ = {
			isa = PBXVariantGroup;
			children = (
				E389BB282610DF71005CD787 /* Base */,
			);
			name = LaunchScreen.storyboard;
			sourceTree = "<group>";
		};
/* End PBXVariantGroup section */

/* Begin XCBuildConfiguration section */
		E389BB102610DEB3005CD787 /* Debug */ = {
			isa = XCBuildConfiguration;
			buildSettings = {
				ALWAYS_SEARCH_USER_PATHS = NO;
				CLANG_ANALYZER_NONNULL = YES;
				CLANG_ANALYZER_NUMBER_OBJECT_CONVERSION = YES_AGGRESSIVE;
				CLANG_CXX_LANGUAGE_STANDARD = "gnu++14";
				CLANG_CXX_LIBRARY = "libc++";
				CLANG_ENABLE_MODULES = YES;
				CLANG_ENABLE_OBJC_ARC = YES;
				CLANG_ENABLE_OBJC_WEAK = YES;
				CLANG_WARN_BLOCK_CAPTURE_AUTORELEASING = YES;
				CLANG_WARN_BOOL_CONVERSION = YES;
				CLANG_WARN_COMMA = YES;
				CLANG_WARN_CONSTANT_CONVERSION = YES;
				CLANG_WARN_DEPRECATED_OBJC_IMPLEMENTATIONS = YES;
				CLANG_WARN_DIRECT_OBJC_ISA_USAGE = YES_ERROR;
				CLANG_WARN_DOCUMENTATION_COMMENTS = YES;
				CLANG_WARN_EMPTY_BODY = YES;
				CLANG_WARN_ENUM_CONVERSION = YES;
				CLANG_WARN_INFINITE_RECURSION = YES;
				CLANG_WARN_INT_CONVERSION = YES;
				CLANG_WARN_NON_LITERAL_NULL_CONVERSION = YES;
				CLANG_WARN_OBJC_IMPLICIT_RETAIN_SELF = YES;
				CLANG_WARN_OBJC_LITERAL_CONVERSION = YES;
				CLANG_WARN_OBJC_ROOT_CLASS = YES_ERROR;
				CLANG_WARN_QUOTED_INCLUDE_IN_FRAMEWORK_HEADER = YES;
				CLANG_WARN_RANGE_LOOP_ANALYSIS = YES;
				CLANG_WARN_STRICT_PROTOTYPES = YES;
				CLANG_WARN_SUSPICIOUS_MOVE = YES;
				CLANG_WARN_UNGUARDED_AVAILABILITY = YES_AGGRESSIVE;
				CLANG_WARN_UNREACHABLE_CODE = YES;
				CLANG_WARN__DUPLICATE_METHOD_MATCH = YES;
				COPY_PHASE_STRIP = NO;
				DEBUG_INFORMATION_FORMAT = dwarf;
				ENABLE_STRICT_OBJC_MSGSEND = YES;
				ENABLE_TESTABILITY = YES;
				GCC_C_LANGUAGE_STANDARD = gnu11;
				GCC_DYNAMIC_NO_PIC = NO;
				GCC_NO_COMMON_BLOCKS = YES;
				GCC_OPTIMIZATION_LEVEL = 0;
				GCC_PREPROCESSOR_DEFINITIONS = (
					"DEBUG=1",
					"$(inherited)",
				);
				GCC_WARN_64_TO_32_BIT_CONVERSION = YES;
				GCC_WARN_ABOUT_RETURN_TYPE = YES_ERROR;
				GCC_WARN_UNDECLARED_SELECTOR = YES;
				GCC_WARN_UNINITIALIZED_AUTOS = YES_AGGRESSIVE;
				GCC_WARN_UNUSED_FUNCTION = YES;
				GCC_WARN_UNUSED_VARIABLE = YES;
				IPHONEOS_DEPLOYMENT_TARGET = 14.4;
				MTL_ENABLE_DEBUG_INFO = INCLUDE_SOURCE;
				MTL_FAST_MATH = YES;
				ONLY_ACTIVE_ARCH = YES;
				SDKROOT = iphoneos;
				SWIFT_ACTIVE_COMPILATION_CONDITIONS = DEBUG;
				SWIFT_OPTIMIZATION_LEVEL = "-Onone";
			};
			name = Debug;
		};
		E389BB112610DEB3005CD787 /* Release */ = {
			isa = XCBuildConfiguration;
			buildSettings = {
				ALWAYS_SEARCH_USER_PATHS = NO;
				CLANG_ANALYZER_NONNULL = YES;
				CLANG_ANALYZER_NUMBER_OBJECT_CONVERSION = YES_AGGRESSIVE;
				CLANG_CXX_LANGUAGE_STANDARD = "gnu++14";
				CLANG_CXX_LIBRARY = "libc++";
				CLANG_ENABLE_MODULES = YES;
				CLANG_ENABLE_OBJC_ARC = YES;
				CLANG_ENABLE_OBJC_WEAK = YES;
				CLANG_WARN_BLOCK_CAPTURE_AUTORELEASING = YES;
				CLANG_WARN_BOOL_CONVERSION = YES;
				CLANG_WARN_COMMA = YES;
				CLANG_WARN_CONSTANT_CONVERSION = YES;
				CLANG_WARN_DEPRECATED_OBJC_IMPLEMENTATIONS = YES;
				CLANG_WARN_DIRECT_OBJC_ISA_USAGE = YES_ERROR;
				CLANG_WARN_DOCUMENTATION_COMMENTS = YES;
				CLANG_WARN_EMPTY_BODY = YES;
				CLANG_WARN_ENUM_CONVERSION = YES;
				CLANG_WARN_INFINITE_RECURSION = YES;
				CLANG_WARN_INT_CONVERSION = YES;
				CLANG_WARN_NON_LITERAL_NULL_CONVERSION = YES;
				CLANG_WARN_OBJC_IMPLICIT_RETAIN_SELF = YES;
				CLANG_WARN_OBJC_LITERAL_CONVERSION = YES;
				CLANG_WARN_OBJC_ROOT_CLASS = YES_ERROR;
				CLANG_WARN_QUOTED_INCLUDE_IN_FRAMEWORK_HEADER = YES;
				CLANG_WARN_RANGE_LOOP_ANALYSIS = YES;
				CLANG_WARN_STRICT_PROTOTYPES = YES;
				CLANG_WARN_SUSPICIOUS_MOVE = YES;
				CLANG_WARN_UNGUARDED_AVAILABILITY = YES_AGGRESSIVE;
				CLANG_WARN_UNREACHABLE_CODE = YES;
				CLANG_WARN__DUPLICATE_METHOD_MATCH = YES;
				COPY_PHASE_STRIP = NO;
				DEBUG_INFORMATION_FORMAT = "dwarf-with-dsym";
				ENABLE_NS_ASSERTIONS = NO;
				ENABLE_STRICT_OBJC_MSGSEND = YES;
				GCC_C_LANGUAGE_STANDARD = gnu11;
				GCC_NO_COMMON_BLOCKS = YES;
				GCC_WARN_64_TO_32_BIT_CONVERSION = YES;
				GCC_WARN_ABOUT_RETURN_TYPE = YES_ERROR;
				GCC_WARN_UNDECLARED_SELECTOR = YES;
				GCC_WARN_UNINITIALIZED_AUTOS = YES_AGGRESSIVE;
				GCC_WARN_UNUSED_FUNCTION = YES;
				GCC_WARN_UNUSED_VARIABLE = YES;
				IPHONEOS_DEPLOYMENT_TARGET = 14.4;
				MTL_ENABLE_DEBUG_INFO = NO;
				MTL_FAST_MATH = YES;
				SDKROOT = iphoneos;
				SWIFT_COMPILATION_MODE = wholemodule;
				SWIFT_OPTIMIZATION_LEVEL = "-O";
				VALIDATE_PRODUCT = YES;
			};
			name = Release;
		};
		E389BB132610DEB3005CD787 /* Debug */ = {
			isa = XCBuildConfiguration;
			baseConfigurationReference = 4FC9E65738AE5C2523FBAE92 /* Pods-ART.debug.xcconfig */;
			buildSettings = {
				ASSETCATALOG_COMPILER_APPICON_NAME = AppIcon;
				ASSETCATALOG_COMPILER_GLOBAL_ACCENT_COLOR_NAME = AccentColor;
				CODE_SIGN_STYLE = Automatic;
				DEVELOPMENT_TEAM = MCP72WGYNQ;
				INFOPLIST_FILE = ART/Info.plist;
				LD_RUNPATH_SEARCH_PATHS = (
					"$(inherited)",
					"@executable_path/Frameworks",
				);
				PRODUCT_BUNDLE_IDENTIFIER = ozgun1.ART;
				PRODUCT_NAME = "$(TARGET_NAME)";
				SWIFT_VERSION = 5.0;
				TARGETED_DEVICE_FAMILY = "1,2";
			};
			name = Debug;
		};
		E389BB142610DEB3005CD787 /* Release */ = {
			isa = XCBuildConfiguration;
			baseConfigurationReference = 3E972B35C3C879B8EF2C4551 /* Pods-ART.release.xcconfig */;
			buildSettings = {
				ASSETCATALOG_COMPILER_APPICON_NAME = AppIcon;
				ASSETCATALOG_COMPILER_GLOBAL_ACCENT_COLOR_NAME = AccentColor;
				CODE_SIGN_STYLE = Automatic;
				DEVELOPMENT_TEAM = MCP72WGYNQ;
				INFOPLIST_FILE = ART/Info.plist;
				LD_RUNPATH_SEARCH_PATHS = (
					"$(inherited)",
					"@executable_path/Frameworks",
				);
				PRODUCT_BUNDLE_IDENTIFIER = ozgun1.ART;
				PRODUCT_NAME = "$(TARGET_NAME)";
				SWIFT_VERSION = 5.0;
				TARGETED_DEVICE_FAMILY = "1,2";
			};
			name = Release;
		};
		E389BB2C2610DF71005CD787 /* Debug */ = {
			isa = XCBuildConfiguration;
			baseConfigurationReference = 1C7E0EAE56EF73CAA3550691 /* Pods-ARTAdmin.debug.xcconfig */;
			buildSettings = {
				ASSETCATALOG_COMPILER_APPICON_NAME = AppIcon;
				ASSETCATALOG_COMPILER_GLOBAL_ACCENT_COLOR_NAME = AccentColor;
				CODE_SIGN_STYLE = Automatic;
				DEVELOPMENT_TEAM = MCP72WGYNQ;
				INFOPLIST_FILE = ARTAdmin/Info.plist;
				LD_RUNPATH_SEARCH_PATHS = (
					"$(inherited)",
					"@executable_path/Frameworks",
				);
				PRODUCT_BUNDLE_IDENTIFIER = ozgun1.ARTAdmin;
				PRODUCT_NAME = "$(TARGET_NAME)";
				SWIFT_VERSION = 5.0;
				TARGETED_DEVICE_FAMILY = "1,2";
			};
			name = Debug;
		};
		E389BB2D2610DF71005CD787 /* Release */ = {
			isa = XCBuildConfiguration;
			baseConfigurationReference = 4AE859D3C8F884165812EA61 /* Pods-ARTAdmin.release.xcconfig */;
			buildSettings = {
				ASSETCATALOG_COMPILER_APPICON_NAME = AppIcon;
				ASSETCATALOG_COMPILER_GLOBAL_ACCENT_COLOR_NAME = AccentColor;
				CODE_SIGN_STYLE = Automatic;
				DEVELOPMENT_TEAM = MCP72WGYNQ;
				INFOPLIST_FILE = ARTAdmin/Info.plist;
				LD_RUNPATH_SEARCH_PATHS = (
					"$(inherited)",
					"@executable_path/Frameworks",
				);
				PRODUCT_BUNDLE_IDENTIFIER = ozgun1.ARTAdmin;
				PRODUCT_NAME = "$(TARGET_NAME)";
				SWIFT_VERSION = 5.0;
				TARGETED_DEVICE_FAMILY = "1,2";
			};
			name = Release;
		};
/* End XCBuildConfiguration section */

/* Begin XCConfigurationList section */
		E389BAF92610DEAF005CD787 /* Build configuration list for PBXProject "ART" */ = {
			isa = XCConfigurationList;
			buildConfigurations = (
				E389BB102610DEB3005CD787 /* Debug */,
				E389BB112610DEB3005CD787 /* Release */,
			);
			defaultConfigurationIsVisible = 0;
			defaultConfigurationName = Release;
		};
		E389BB122610DEB3005CD787 /* Build configuration list for PBXNativeTarget "ART" */ = {
			isa = XCConfigurationList;
			buildConfigurations = (
				E389BB132610DEB3005CD787 /* Debug */,
				E389BB142610DEB3005CD787 /* Release */,
			);
			defaultConfigurationIsVisible = 0;
			defaultConfigurationName = Release;
		};
		E389BB2B2610DF71005CD787 /* Build configuration list for PBXNativeTarget "ARTAdmin" */ = {
			isa = XCConfigurationList;
			buildConfigurations = (
				E389BB2C2610DF71005CD787 /* Debug */,
				E389BB2D2610DF71005CD787 /* Release */,
			);
			defaultConfigurationIsVisible = 0;
			defaultConfigurationName = Release;
		};
/* End XCConfigurationList section */
	};
	rootObject = E389BAF62610DEAF005CD787 /* Project object */;
}
